
Microsoft Visual Studio Solution File, Format Version 12.00
# Visual Studio Version 17
VisualStudioVersion = 17.11.35222.181
MinimumVisualStudioVersion = 10.0.40219.1
Project("{9A19103F-16F7-4668-BE54-9A1E7A4F7556}") = "kiber", "kiber\kiber.csproj", "{452E41F3-E43C-44F6-840B-EF3FD62CA5EE}"
EndProject
Project("{2150E333-8FDC-42A3-9474-1A3956D46DE8}") = "laba1", "laba1", "{FEB1335F-59D6-4D90-B4C7-9760EE7A7D98}"
EndProject
Project("{9A19103F-16F7-4668-BE54-9A1E7A4F7556}") = "laba1.1", "laba1.1\laba1.1.csproj", "{97E7B26A-3763-4CA2-BE50-0BEB36A6D1FE}"
EndProject
Project("{9A19103F-16F7-4668-BE54-9A1E7A4F7556}") = "laba1.2", "laba1.2\laba1.2.csproj", "{32A289DE-A38C-4A26-AF55-2666DC57D4AC}"
EndProject
Project("{2150E333-8FDC-42A3-9474-1A3956D46DE8}") = "laba2", "laba2", "{FB7E3F89-AA2C-45A8-8859-2BBF295BC9D3}"
EndProject
Project("{9A19103F-16F7-4668-BE54-9A1E7A4F7556}") = "laba2.1", "laba2.1\laba2.1.csproj", "{BD51B8D6-C17F-4ACD-AF76-D1CF7CF3E8FB}"
EndProject
Project("{9A19103F-16F7-4668-BE54-9A1E7A4F7556}") = "laba2.2", "laba2.2\laba2.2.csproj", "{3D92EB10-0F2B-4E48-93E8-FA94F91D68E9}"
EndProject
Project("{9A19103F-16F7-4668-BE54-9A1E7A4F7556}") = "laba2.3", "laba2.3\laba2.3.csproj", "{F79CC04B-546F-4B0D-855E-E3F86BE8BB39}"
EndProject
Project("{2150E333-8FDC-42A3-9474-1A3956D46DE8}") = "laba3", "laba3", "{944A4FB4-28D4-4623-AB98-527B236D2EC4}"
EndProject
Project("{FAE04EC0-301F-11D3-BF4B-00C04F79EFBC}") = "laba3.1", "laba3.1\laba3.1.csproj", "{A5B4213B-4E74-4B80-9599-CDE6B12CFC06}"
EndProject
Project("{FAE04EC0-301F-11D3-BF4B-00C04F79EFBC}") = "laba3.2", "laba3.2\laba3.2.csproj", "{E54E968F-7A8F-4F1E-83B4-5B26E46F32C6}"
EndProject
Project("{FAE04EC0-301F-11D3-BF4B-00C04F79EFBC}") = "laba3.3", "laba3.3\laba3.3.csproj", "{E6AACE9F-340C-4F1A-8AFE-8A00CCBE3E50}"
EndProject
Global
	GlobalSection(SolutionConfigurationPlatforms) = preSolution
		Debug|Any CPU = Debug|Any CPU
		Release|Any CPU = Release|Any CPU
	EndGlobalSection
	GlobalSection(ProjectConfigurationPlatforms) = postSolution
		{452E41F3-E43C-44F6-840B-EF3FD62CA5EE}.Debug|Any CPU.ActiveCfg = Debug|Any CPU
		{452E41F3-E43C-44F6-840B-EF3FD62CA5EE}.Debug|Any CPU.Build.0 = Debug|Any CPU
		{452E41F3-E43C-44F6-840B-EF3FD62CA5EE}.Release|Any CPU.ActiveCfg = Release|Any CPU
		{452E41F3-E43C-44F6-840B-EF3FD62CA5EE}.Release|Any CPU.Build.0 = Release|Any CPU
		{97E7B26A-3763-4CA2-BE50-0BEB36A6D1FE}.Debug|Any CPU.ActiveCfg = Debug|Any CPU
		{97E7B26A-3763-4CA2-BE50-0BEB36A6D1FE}.Debug|Any CPU.Build.0 = Debug|Any CPU
		{97E7B26A-3763-4CA2-BE50-0BEB36A6D1FE}.Release|Any CPU.ActiveCfg = Release|Any CPU
		{97E7B26A-3763-4CA2-BE50-0BEB36A6D1FE}.Release|Any CPU.Build.0 = Release|Any CPU
		{32A289DE-A38C-4A26-AF55-2666DC57D4AC}.Debug|Any CPU.ActiveCfg = Debug|Any CPU
		{32A289DE-A38C-4A26-AF55-2666DC57D4AC}.Debug|Any CPU.Build.0 = Debug|Any CPU
		{32A289DE-A38C-4A26-AF55-2666DC57D4AC}.Release|Any CPU.ActiveCfg = Release|Any CPU
		{32A289DE-A38C-4A26-AF55-2666DC57D4AC}.Release|Any CPU.Build.0 = Release|Any CPU
		{BD51B8D6-C17F-4ACD-AF76-D1CF7CF3E8FB}.Debug|Any CPU.ActiveCfg = Debug|Any CPU
		{BD51B8D6-C17F-4ACD-AF76-D1CF7CF3E8FB}.Debug|Any CPU.Build.0 = Debug|Any CPU
		{BD51B8D6-C17F-4ACD-AF76-D1CF7CF3E8FB}.Release|Any CPU.ActiveCfg = Release|Any CPU
		{BD51B8D6-C17F-4ACD-AF76-D1CF7CF3E8FB}.Release|Any CPU.Build.0 = Release|Any CPU
		{3D92EB10-0F2B-4E48-93E8-FA94F91D68E9}.Debug|Any CPU.ActiveCfg = Debug|Any CPU
		{3D92EB10-0F2B-4E48-93E8-FA94F91D68E9}.Debug|Any CPU.Build.0 = Debug|Any CPU
		{3D92EB10-0F2B-4E48-93E8-FA94F91D68E9}.Release|Any CPU.ActiveCfg = Release|Any CPU
		{3D92EB10-0F2B-4E48-93E8-FA94F91D68E9}.Release|Any CPU.Build.0 = Release|Any CPU
		{F79CC04B-546F-4B0D-855E-E3F86BE8BB39}.Debug|Any CPU.ActiveCfg = Debug|Any CPU
		{F79CC04B-546F-4B0D-855E-E3F86BE8BB39}.Debug|Any CPU.Build.0 = Debug|Any CPU
		{F79CC04B-546F-4B0D-855E-E3F86BE8BB39}.Release|Any CPU.ActiveCfg = Release|Any CPU
		{F79CC04B-546F-4B0D-855E-E3F86BE8BB39}.Release|Any CPU.Build.0 = Release|Any CPU
		{A5B4213B-4E74-4B80-9599-CDE6B12CFC06}.Debug|Any CPU.ActiveCfg = Debug|Any CPU
		{A5B4213B-4E74-4B80-9599-CDE6B12CFC06}.Debug|Any CPU.Build.0 = Debug|Any CPU
		{A5B4213B-4E74-4B80-9599-CDE6B12CFC06}.Release|Any CPU.ActiveCfg = Release|Any CPU
		{A5B4213B-4E74-4B80-9599-CDE6B12CFC06}.Release|Any CPU.Build.0 = Release|Any CPU
		{E54E968F-7A8F-4F1E-83B4-5B26E46F32C6}.Debug|Any CPU.ActiveCfg = Debug|Any CPU
		{E54E968F-7A8F-4F1E-83B4-5B26E46F32C6}.Debug|Any CPU.Build.0 = Debug|Any CPU
		{E54E968F-7A8F-4F1E-83B4-5B26E46F32C6}.Release|Any CPU.ActiveCfg = Release|Any CPU
		{E54E968F-7A8F-4F1E-83B4-5B26E46F32C6}.Release|Any CPU.Build.0 = Release|Any CPU
		{E6AACE9F-340C-4F1A-8AFE-8A00CCBE3E50}.Debug|Any CPU.ActiveCfg = Debug|Any CPU
		{E6AACE9F-340C-4F1A-8AFE-8A00CCBE3E50}.Debug|Any CPU.Build.0 = Debug|Any CPU
		{E6AACE9F-340C-4F1A-8AFE-8A00CCBE3E50}.Release|Any CPU.ActiveCfg = Release|Any CPU
		{E6AACE9F-340C-4F1A-8AFE-8A00CCBE3E50}.Release|Any CPU.Build.0 = Release|Any CPU
	EndGlobalSection
	GlobalSection(SolutionProperties) = preSolution
		HideSolutionNode = FALSE
	EndGlobalSection
	GlobalSection(NestedProjects) = preSolution
		{97E7B26A-3763-4CA2-BE50-0BEB36A6D1FE} = {FEB1335F-59D6-4D90-B4C7-9760EE7A7D98}
		{32A289DE-A38C-4A26-AF55-2666DC57D4AC} = {FEB1335F-59D6-4D90-B4C7-9760EE7A7D98}
		{BD51B8D6-C17F-4ACD-AF76-D1CF7CF3E8FB} = {FB7E3F89-AA2C-45A8-8859-2BBF295BC9D3}
		{3D92EB10-0F2B-4E48-93E8-FA94F91D68E9} = {FB7E3F89-AA2C-45A8-8859-2BBF295BC9D3}
		{F79CC04B-546F-4B0D-855E-E3F86BE8BB39} = {FB7E3F89-AA2C-45A8-8859-2BBF295BC9D3}
		{A5B4213B-4E74-4B80-9599-CDE6B12CFC06} = {944A4FB4-28D4-4623-AB98-527B236D2EC4}
		{E54E968F-7A8F-4F1E-83B4-5B26E46F32C6} = {944A4FB4-28D4-4623-AB98-527B236D2EC4}
		{E6AACE9F-340C-4F1A-8AFE-8A00CCBE3E50} = {944A4FB4-28D4-4623-AB98-527B236D2EC4}
	EndGlobalSection
	GlobalSection(ExtensibilityGlobals) = postSolution
		SolutionGuid = {C4E9EEFF-38DA-4CA7-BEC4-07BED461D2AE}
	EndGlobalSection
EndGlobal
